
Microsoft Visual Studio Solution File, Format Version 12.00
# Visual Studio Version 17
VisualStudioVersion = 17.13.35806.99 d17.13
MinimumVisualStudioVersion = 10.0.40219.1
Project("{FAE04EC0-301F-11D3-BF4B-00C04F79EFBC}") = "Practical-02", "Practical-02\Practical-02.csproj", "{190E6CF8-2EBA-4C0A-9281-C6D668592A2D}"
EndProject
Global
	GlobalSection(SolutionConfigurationPlatforms) = preSolution
		Debug|Any CPU = Debug|Any CPU
		Release|Any CPU = Release|Any CPU
	EndGlobalSection
	GlobalSection(ProjectConfigurationPlatforms) = postSolution
		{190E6CF8-2EBA-4C0A-9281-C6D668592A2D}.Debug|Any CPU.ActiveCfg = Debug|Any CPU
		{190E6CF8-2EBA-4C0A-9281-C6D668592A2D}.Debug|Any CPU.Build.0 = Debug|Any CPU
		{190E6CF8-2EBA-4C0A-9281-C6D668592A2D}.Release|Any CPU.ActiveCfg = Release|Any CPU
		{190E6CF8-2EBA-4C0A-9281-C6D668592A2D}.Release|Any CPU.Build.0 = Release|Any CPU
	EndGlobalSection
	GlobalSection(SolutionProperties) = preSolution
		HideSolutionNode = FALSE
	EndGlobalSection
	GlobalSection(ExtensibilityGlobals) = postSolution
		SolutionGuid = {661C7CED-61C0-4272-A211-15DA658D1415}
	EndGlobalSection
EndGlobal
